{
  "name": "simple-stopwatch-node",
  "version": "1.0.0",
  "lockfileVersion": 2,
  "requires": true,
  "packages": {
    "": {
      "name": "simple-stopwatch-node",
      "version": "1.0.0",
      "license": "MIT",
      "dependencies": {
        "convert-seconds": "^1.0.1"
      }
    },
    "node_modules/convert-seconds": {
      "version": "1.0.1",
      "resolved": "https://registry.npmjs.org/convert-seconds/-/convert-seconds-1.0.1.tgz",
      "integrity": "sha1-+gzE5lZO1Y2XbMkkaEk9Jx1DCwI="
    }
  },
  "dependencies": {
    "convert-seconds": {
      "version": "1.0.1",
      "resolved": "https://registry.npmjs.org/convert-seconds/-/convert-seconds-1.0.1.tgz",
      "integrity": "sha1-+gzE5lZO1Y2XbMkkaEk9Jx1DCwI="
    }
  }
}
